// !$*UTF8*$!
{
	archiveVersion = 1;
	classes = {
	};
	objectVersion = 50;
	objects = {

/* Begin PBXBuildFile section */
		2593D7742679DEC1003A0FEA /* AppDelegate.swift in Sources */ = {isa = PBXBuildFile; fileRef = 2593D7732679DEC1003A0FEA /* AppDelegate.swift */; };
		2593D7762679DEC1003A0FEA /* SceneDelegate.swift in Sources */ = {isa = PBXBuildFile; fileRef = 2593D7752679DEC1003A0FEA /* SceneDelegate.swift */; };
		2593D7782679DEC1003A0FEA /* ViewController.swift in Sources */ = {isa = PBXBuildFile; fileRef = 2593D7772679DEC1003A0FEA /* ViewController.swift */; };
		2593D77B2679DEC1003A0FEA /* Main.storyboard in Resources */ = {isa = PBXBuildFile; fileRef = 2593D7792679DEC1003A0FEA /* Main.storyboard */; };
		2593D77E2679DEC1003A0FEA /* SpaceX.xcdatamodeld in Sources */ = {isa = PBXBuildFile; fileRef = 2593D77C2679DEC1003A0FEA /* SpaceX.xcdatamodeld */; };
		2593D7802679DEC5003A0FEA /* Assets.xcassets in Resources */ = {isa = PBXBuildFile; fileRef = 2593D77F2679DEC5003A0FEA /* Assets.xcassets */; };
		2593D7832679DEC5003A0FEA /* LaunchScreen.storyboard in Resources */ = {isa = PBXBuildFile; fileRef = 2593D7812679DEC5003A0FEA /* LaunchScreen.storyboard */; };
		2593D78E2679DEC5003A0FEA /* SpaceXTests.swift in Sources */ = {isa = PBXBuildFile; fileRef = 2593D78D2679DEC5003A0FEA /* SpaceXTests.swift */; };
		2593D7992679DEC5003A0FEA /* SpaceXUITests.swift in Sources */ = {isa = PBXBuildFile; fileRef = 2593D7982679DEC5003A0FEA /* SpaceXUITests.swift */; };
/* End PBXBuildFile section */

/* Begin PBXContainerItemProxy section */
		2593D78A2679DEC5003A0FEA /* PBXContainerItemProxy */ = {
			isa = PBXContainerItemProxy;
			containerPortal = 2593D7682679DEC1003A0FEA /* Project object */;
			proxyType = 1;
			remoteGlobalIDString = 2593D76F2679DEC1003A0FEA;
			remoteInfo = SpaceX;
		};
		2593D7952679DEC5003A0FEA /* PBXContainerItemProxy */ = {
			isa = PBXContainerItemProxy;
			containerPortal = 2593D7682679DEC1003A0FEA /* Project object */;
			proxyType = 1;
			remoteGlobalIDString = 2593D76F2679DEC1003A0FEA;
			remoteInfo = SpaceX;
		};
/* End PBXContainerItemProxy section */

/* Begin PBXFileReference section */
		2593D7702679DEC1003A0FEA /* SpaceX.app */ = {isa = PBXFileReference; explicitFileType = wrapper.application; includeInIndex = 0; path = SpaceX.app; sourceTree = BUILT_PRODUCTS_DIR; };
		2593D7732679DEC1003A0FEA /* AppDelegate.swift */ = {isa = PBXFileReference; lastKnownFileType = sourcecode.swift; path = AppDelegate.swift; sourceTree = "<group>"; };
		2593D7752679DEC1003A0FEA /* SceneDelegate.swift */ = {isa = PBXFileReference; lastKnownFileType = sourcecode.swift; path = SceneDelegate.swift; sourceTree = "<group>"; };
		2593D7772679DEC1003A0FEA /* ViewController.swift */ = {isa = PBXFileReference; lastKnownFileType = sourcecode.swift; path = ViewController.swift; sourceTree = "<group>"; };
		2593D77A2679DEC1003A0FEA /* Base */ = {isa = PBXFileReference; lastKnownFileType = file.storyboard; name = Base; path = Base.lproj/Main.storyboard; sourceTree = "<group>"; };
		2593D77D2679DEC1003A0FEA /* SpaceX.xcdatamodel */ = {isa = PBXFileReference; lastKnownFileType = wrapper.xcdatamodel; path = SpaceX.xcdatamodel; sourceTree = "<group>"; };
		2593D77F2679DEC5003A0FEA /* Assets.xcassets */ = {isa = PBXFileReference; lastKnownFileType = folder.assetcatalog; path = Assets.xcassets; sourceTree = "<group>"; };
		2593D7822679DEC5003A0FEA /* Base */ = {isa = PBXFileReference; lastKnownFileType = file.storyboard; name = Base; path = Base.lproj/LaunchScreen.storyboard; sourceTree = "<group>"; };
		2593D7842679DEC5003A0FEA /* Info.plist */ = {isa = PBXFileReference; lastKnownFileType = text.plist.xml; path = Info.plist; sourceTree = "<group>"; };
		2593D7892679DEC5003A0FEA /* SpaceXTests.xctest */ = {isa = PBXFileReference; explicitFileType = wrapper.cfbundle; includeInIndex = 0; path = SpaceXTests.xctest; sourceTree = BUILT_PRODUCTS_DIR; };
		2593D78D2679DEC5003A0FEA /* SpaceXTests.swift */ = {isa = PBXFileReference; lastKnownFileType = sourcecode.swift; path = SpaceXTests.swift; sourceTree = "<group>"; };
		2593D78F2679DEC5003A0FEA /* Info.plist */ = {isa = PBXFileReference; lastKnownFileType = text.plist.xml; path = Info.plist; sourceTree = "<group>"; };
		2593D7942679DEC5003A0FEA /* SpaceXUITests.xctest */ = {isa = PBXFileReference; explicitFileType = wrapper.cfbundle; includeInIndex = 0; path = SpaceXUITests.xctest; sourceTree = BUILT_PRODUCTS_DIR; };
		2593D7982679DEC5003A0FEA /* SpaceXUITests.swift */ = {isa = PBXFileReference; lastKnownFileType = sourcecode.swift; path = SpaceXUITests.swift; sourceTree = "<group>"; };
		2593D79A2679DEC5003A0FEA /* Info.plist */ = {isa = PBXFileReference; lastKnownFileType = text.plist.xml; path = Info.plist; sourceTree = "<group>"; };
/* End PBXFileReference section */

/* Begin PBXFrameworksBuildPhase section */
		2593D76D2679DEC1003A0FEA /* Frameworks */ = {
			isa = PBXFrameworksBuildPhase;
			buildActionMask = 2147483647;
			files = (
			);
			runOnlyForDeploymentPostprocessing = 0;
		};
		2593D7862679DEC5003A0FEA /* Frameworks */ = {
			isa = PBXFrameworksBuildPhase;
			buildActionMask = 2147483647;
			files = (
			);
			runOnlyForDeploymentPostprocessing = 0;
		};
		2593D7912679DEC5003A0FEA /* Frameworks */ = {
			isa = PBXFrameworksBuildPhase;
			buildActionMask = 2147483647;
			files = (
			);
			runOnlyForDeploymentPostprocessing = 0;
		};
/* End PBXFrameworksBuildPhase section */

/* Begin PBXGroup section */
		2593D7672679DEC1003A0FEA = {
			isa = PBXGroup;
			children = (
				2593D7722679DEC1003A0FEA /* SpaceX */,
				2593D78C2679DEC5003A0FEA /* SpaceXTests */,
				2593D7972679DEC5003A0FEA /* SpaceXUITests */,
				2593D7712679DEC1003A0FEA /* Products */,
			);
			sourceTree = "<group>";
		};
		2593D7712679DEC1003A0FEA /* Products */ = {
			isa = PBXGroup;
			children = (
				2593D7702679DEC1003A0FEA /* SpaceX.app */,
				2593D7892679DEC5003A0FEA /* SpaceXTests.xctest */,
				2593D7942679DEC5003A0FEA /* SpaceXUITests.xctest */,
			);
			name = Products;
			sourceTree = "<group>";
		};
		2593D7722679DEC1003A0FEA /* SpaceX */ = {
			isa = PBXGroup;
			children = (
				2593D7732679DEC1003A0FEA /* AppDelegate.swift */,
				2593D7752679DEC1003A0FEA /* SceneDelegate.swift */,
				2593D7772679DEC1003A0FEA /* ViewController.swift */,
				2593D7792679DEC1003A0FEA /* Main.storyboard */,
				2593D77F2679DEC5003A0FEA /* Assets.xcassets */,
				2593D7812679DEC5003A0FEA /* LaunchScreen.storyboard */,
				2593D7842679DEC5003A0FEA /* Info.plist */,
				2593D77C2679DEC1003A0FEA /* SpaceX.xcdatamodeld */,
			);
			path = SpaceX;
			sourceTree = "<group>";
		};
		2593D78C2679DEC5003A0FEA /* SpaceXTests */ = {
			isa = PBXGroup;
			children = (
				2593D78D2679DEC5003A0FEA /* SpaceXTests.swift */,
				2593D78F2679DEC5003A0FEA /* Info.plist */,
			);
			path = SpaceXTests;
			sourceTree = "<group>";
		};
		2593D7972679DEC5003A0FEA /* SpaceXUITests */ = {
			isa = PBXGroup;
			children = (
				2593D7982679DEC5003A0FEA /* SpaceXUITests.swift */,
				2593D79A2679DEC5003A0FEA /* Info.plist */,
			);
			path = SpaceXUITests;
			sourceTree = "<group>";
		};
/* End PBXGroup section */

/* Begin PBXNativeTarget section */
		2593D76F2679DEC1003A0FEA /* SpaceX */ = {
			isa = PBXNativeTarget;
			buildConfigurationList = 2593D79D2679DEC5003A0FEA /* Build configuration list for PBXNativeTarget "SpaceX" */;
			buildPhases = (
				2593D76C2679DEC1003A0FEA /* Sources */,
				2593D76D2679DEC1003A0FEA /* Frameworks */,
				2593D76E2679DEC1003A0FEA /* Resources */,
			);
			buildRules = (
			);
			dependencies = (
			);
			name = SpaceX;
			productName = SpaceX;
			productReference = 2593D7702679DEC1003A0FEA /* SpaceX.app */;
			productType = "com.apple.product-type.application";
		};
		2593D7882679DEC5003A0FEA /* SpaceXTests */ = {
			isa = PBXNativeTarget;
			buildConfigurationList = 2593D7A02679DEC5003A0FEA /* Build configuration list for PBXNativeTarget "SpaceXTests" */;
			buildPhases = (
				2593D7852679DEC5003A0FEA /* Sources */,
				2593D7862679DEC5003A0FEA /* Frameworks */,
				2593D7872679DEC5003A0FEA /* Resources */,
			);
			buildRules = (
			);
			dependencies = (
				2593D78B2679DEC5003A0FEA /* PBXTargetDependency */,
			);
			name = SpaceXTests;
			productName = SpaceXTests;
			productReference = 2593D7892679DEC5003A0FEA /* SpaceXTests.xctest */;
			productType = "com.apple.product-type.bundle.unit-test";
		};
		2593D7932679DEC5003A0FEA /* SpaceXUITests */ = {
			isa = PBXNativeTarget;
			buildConfigurationList = 2593D7A32679DEC5003A0FEA /* Build configuration list for PBXNativeTarget "SpaceXUITests" */;
			buildPhases = (
				2593D7902679DEC5003A0FEA /* Sources */,
				2593D7912679DEC5003A0FEA /* Frameworks */,
				2593D7922679DEC5003A0FEA /* Resources */,
			);
			buildRules = (
			);
			dependencies = (
				2593D7962679DEC5003A0FEA /* PBXTargetDependency */,
			);
			name = SpaceXUITests;
			productName = SpaceXUITests;
			productReference = 2593D7942679DEC5003A0FEA /* SpaceXUITests.xctest */;
			productType = "com.apple.product-type.bundle.ui-testing";
		};
/* End PBXNativeTarget section */

/* Begin PBXProject section */
		2593D7682679DEC1003A0FEA /* Project object */ = {
			isa = PBXProject;
			attributes = {
				LastSwiftUpdateCheck = 1250;
				LastUpgradeCheck = 1250;
				TargetAttributes = {
					2593D76F2679DEC1003A0FEA = {
						CreatedOnToolsVersion = 12.5;
					};
					2593D7882679DEC5003A0FEA = {
						CreatedOnToolsVersion = 12.5;
						TestTargetID = 2593D76F2679DEC1003A0FEA;
					};
					2593D7932679DEC5003A0FEA = {
						CreatedOnToolsVersion = 12.5;
						TestTargetID = 2593D76F2679DEC1003A0FEA;
					};
				};
			};
			buildConfigurationList = 2593D76B2679DEC1003A0FEA /* Build configuration list for PBXProject "SpaceX" */;
			compatibilityVersion = "Xcode 9.3";
			developmentRegion = en;
			hasScannedForEncodings = 0;
			knownRegions = (
				en,
				Base,
			);
			mainGroup = 2593D7672679DEC1003A0FEA;
			productRefGroup = 2593D7712679DEC1003A0FEA /* Products */;
			projectDirPath = "";
			projectRoot = "";
			targets = (
				2593D76F2679DEC1003A0FEA /* SpaceX */,
				2593D7882679DEC5003A0FEA /* SpaceXTests */,
				2593D7932679DEC5003A0FEA /* SpaceXUITests */,
			);
		};
/* End PBXProject section */

/* Begin PBXResourcesBuildPhase section */
		2593D76E2679DEC1003A0FEA /* Resources */ = {
			isa = PBXResourcesBuildPhase;
			buildActionMask = 2147483647;
			files = (
				2593D7832679DEC5003A0FEA /* LaunchScreen.storyboard in Resources */,
				2593D7802679DEC5003A0FEA /* Assets.xcassets in Resources */,
				2593D77B2679DEC1003A0FEA /* Main.storyboard in Resources */,
			);
			runOnlyForDeploymentPostprocessing = 0;
		};
		2593D7872679DEC5003A0FEA /* Resources */ = {
			isa = PBXResourcesBuildPhase;
			buildActionMask = 2147483647;
			files = (
			);
			runOnlyForDeploymentPostprocessing = 0;
		};
		2593D7922679DEC5003A0FEA /* Resources */ = {
			isa = PBXResourcesBuildPhase;
			buildActionMask = 2147483647;
			files = (
			);
			runOnlyForDeploymentPostprocessing = 0;
		};
/* End PBXResourcesBuildPhase section */

/* Begin PBXSourcesBuildPhase section */
		2593D76C2679DEC1003A0FEA /* Sources */ = {
			isa = PBXSourcesBuildPhase;
			buildActionMask = 2147483647;
			files = (
				2593D7782679DEC1003A0FEA /* ViewController.swift in Sources */,
				2593D7742679DEC1003A0FEA /* AppDelegate.swift in Sources */,
				2593D7762679DEC1003A0FEA /* SceneDelegate.swift in Sources */,
				2593D77E2679DEC1003A0FEA /* SpaceX.xcdatamodeld in Sources */,
			);
			runOnlyForDeploymentPostprocessing = 0;
		};
		2593D7852679DEC5003A0FEA /* Sources */ = {
			isa = PBXSourcesBuildPhase;
			buildActionMask = 2147483647;
			files = (
				2593D78E2679DEC5003A0FEA /* SpaceXTests.swift in Sources */,
			);
			runOnlyForDeploymentPostprocessing = 0;
		};
		2593D7902679DEC5003A0FEA /* Sources */ = {
			isa = PBXSourcesBuildPhase;
			buildActionMask = 2147483647;
			files = (
				2593D7992679DEC5003A0FEA /* SpaceXUITests.swift in Sources */,
			);
			runOnlyForDeploymentPostprocessing = 0;
		};
/* End PBXSourcesBuildPhase section */

/* Begin PBXTargetDependency section */
		2593D78B2679DEC5003A0FEA /* PBXTargetDependency */ = {
			isa = PBXTargetDependency;
			target = 2593D76F2679DEC1003A0FEA /* SpaceX */;
			targetProxy = 2593D78A2679DEC5003A0FEA /* PBXContainerItemProxy */;
		};
		2593D7962679DEC5003A0FEA /* PBXTargetDependency */ = {
			isa = PBXTargetDependency;
			target = 2593D76F2679DEC1003A0FEA /* SpaceX */;
			targetProxy = 2593D7952679DEC5003A0FEA /* PBXContainerItemProxy */;
		};
/* End PBXTargetDependency section */

/* Begin PBXVariantGroup section */
		2593D7792679DEC1003A0FEA /* Main.storyboard */ = {
			isa = PBXVariantGroup;
			children = (
				2593D77A2679DEC1003A0FEA /* Base */,
			);
			name = Main.storyboard;
			sourceTree = "<group>";
		};
		2593D7812679DEC5003A0FEA /* LaunchScreen.storyboard */ = {
			isa = PBXVariantGroup;
			children = (
				2593D7822679DEC5003A0FEA /* Base */,
			);
			name = LaunchScreen.storyboard;
			sourceTree = "<group>";
		};
/* End PBXVariantGroup section */

/* Begin XCBuildConfiguration section */
		2593D79B2679DEC5003A0FEA /* Debug */ = {
			isa = XCBuildConfiguration;
			buildSettings = {
				ALWAYS_SEARCH_USER_PATHS = NO;
				CLANG_ANALYZER_NONNULL = YES;
				CLANG_ANALYZER_NUMBER_OBJECT_CONVERSION = YES_AGGRESSIVE;
				CLANG_CXX_LANGUAGE_STANDARD = "gnu++14";
				CLANG_CXX_LIBRARY = "libc++";
				CLANG_ENABLE_MODULES = YES;
				CLANG_ENABLE_OBJC_ARC = YES;
				CLANG_ENABLE_OBJC_WEAK = YES;
				CLANG_WARN_BLOCK_CAPTURE_AUTORELEASING = YES;
				CLANG_WARN_BOOL_CONVERSION = YES;
				CLANG_WARN_COMMA = YES;
				CLANG_WARN_CONSTANT_CONVERSION = YES;
				CLANG_WARN_DEPRECATED_OBJC_IMPLEMENTATIONS = YES;
				CLANG_WARN_DIRECT_OBJC_ISA_USAGE = YES_ERROR;
				CLANG_WARN_DOCUMENTATION_COMMENTS = YES;
				CLANG_WARN_EMPTY_BODY = YES;
				CLANG_WARN_ENUM_CONVERSION = YES;
				CLANG_WARN_INFINITE_RECURSION = YES;
				CLANG_WARN_INT_CONVERSION = YES;
				CLANG_WARN_NON_LITERAL_NULL_CONVERSION = YES;
				CLANG_WARN_OBJC_IMPLICIT_RETAIN_SELF = YES;
				CLANG_WARN_OBJC_LITERAL_CONVERSION = YES;
				CLANG_WARN_OBJC_ROOT_CLASS = YES_ERROR;
				CLANG_WARN_QUOTED_INCLUDE_IN_FRAMEWORK_HEADER = YES;
				CLANG_WARN_RANGE_LOOP_ANALYSIS = YES;
				CLANG_WARN_STRICT_PROTOTYPES = YES;
				CLANG_WARN_SUSPICIOUS_MOVE = YES;
				CLANG_WARN_UNGUARDED_AVAILABILITY = YES_AGGRESSIVE;
				CLANG_WARN_UNREACHABLE_CODE = YES;
				CLANG_WARN__DUPLICATE_METHOD_MATCH = YES;
				COPY_PHASE_STRIP = NO;
				DEBUG_INFORMATION_FORMAT = dwarf;
				ENABLE_STRICT_OBJC_MSGSEND = YES;
				ENABLE_TESTABILITY = YES;
				GCC_C_LANGUAGE_STANDARD = gnu11;
				GCC_DYNAMIC_NO_PIC = NO;
				GCC_NO_COMMON_BLOCKS = YES;
				GCC_OPTIMIZATION_LEVEL = 0;
				GCC_PREPROCESSOR_DEFINITIONS = (
					"DEBUG=1",
					"$(inherited)",
				);
				GCC_WARN_64_TO_32_BIT_CONVERSION = YES;
				GCC_WARN_ABOUT_RETURN_TYPE = YES_ERROR;
				GCC_WARN_UNDECLARED_SELECTOR = YES;
				GCC_WARN_UNINITIALIZED_AUTOS = YES_AGGRESSIVE;
				GCC_WARN_UNUSED_FUNCTION = YES;
				GCC_WARN_UNUSED_VARIABLE = YES;
				IPHONEOS_DEPLOYMENT_TARGET = 14.5;
				MTL_ENABLE_DEBUG_INFO = INCLUDE_SOURCE;
				MTL_FAST_MATH = YES;
				ONLY_ACTIVE_ARCH = YES;
				SDKROOT = iphoneos;
				SWIFT_ACTIVE_COMPILATION_CONDITIONS = DEBUG;
				SWIFT_OPTIMIZATION_LEVEL = "-Onone";
			};
			name = Debug;
		};
		2593D79C2679DEC5003A0FEA /* Release */ = {
			isa = XCBuildConfiguration;
			buildSettings = {
				ALWAYS_SEARCH_USER_PATHS = NO;
				CLANG_ANALYZER_NONNULL = YES;
				CLANG_ANALYZER_NUMBER_OBJECT_CONVERSION = YES_AGGRESSIVE;
				CLANG_CXX_LANGUAGE_STANDARD = "gnu++14";
				CLANG_CXX_LIBRARY = "libc++";
				CLANG_ENABLE_MODULES = YES;
				CLANG_ENABLE_OBJC_ARC = YES;
				CLANG_ENABLE_OBJC_WEAK = YES;
				CLANG_WARN_BLOCK_CAPTURE_AUTORELEASING = YES;
				CLANG_WARN_BOOL_CONVERSION = YES;
				CLANG_WARN_COMMA = YES;
				CLANG_WARN_CONSTANT_CONVERSION = YES;
				CLANG_WARN_DEPRECATED_OBJC_IMPLEMENTATIONS = YES;
				CLANG_WARN_DIRECT_OBJC_ISA_USAGE = YES_ERROR;
				CLANG_WARN_DOCUMENTATION_COMMENTS = YES;
				CLANG_WARN_EMPTY_BODY = YES;
				CLANG_WARN_ENUM_CONVERSION = YES;
				CLANG_WARN_INFINITE_RECURSION = YES;
				CLANG_WARN_INT_CONVERSION = YES;
				CLANG_WARN_NON_LITERAL_NULL_CONVERSION = YES;
				CLANG_WARN_OBJC_IMPLICIT_RETAIN_SELF = YES;
				CLANG_WARN_OBJC_LITERAL_CONVERSION = YES;
				CLANG_WARN_OBJC_ROOT_CLASS = YES_ERROR;
				CLANG_WARN_QUOTED_INCLUDE_IN_FRAMEWORK_HEADER = YES;
				CLANG_WARN_RANGE_LOOP_ANALYSIS = YES;
				CLANG_WARN_STRICT_PROTOTYPES = YES;
				CLANG_WARN_SUSPICIOUS_MOVE = YES;
				CLANG_WARN_UNGUARDED_AVAILABILITY = YES_AGGRESSIVE;
				CLANG_WARN_UNREACHABLE_CODE = YES;
				CLANG_WARN__DUPLICATE_METHOD_MATCH = YES;
				COPY_PHASE_STRIP = NO;
				DEBUG_INFORMATION_FORMAT = "dwarf-with-dsym";
				ENABLE_NS_ASSERTIONS = NO;
				ENABLE_STRICT_OBJC_MSGSEND = YES;
				GCC_C_LANGUAGE_STANDARD = gnu11;
				GCC_NO_COMMON_BLOCKS = YES;
				GCC_WARN_64_TO_32_BIT_CONVERSION = YES;
				GCC_WARN_ABOUT_RETURN_TYPE = YES_ERROR;
				GCC_WARN_UNDECLARED_SELECTOR = YES;
				GCC_WARN_UNINITIALIZED_AUTOS = YES_AGGRESSIVE;
				GCC_WARN_UNUSED_FUNCTION = YES;
				GCC_WARN_UNUSED_VARIABLE = YES;
				IPHONEOS_DEPLOYMENT_TARGET = 14.5;
				MTL_ENABLE_DEBUG_INFO = NO;
				MTL_FAST_MATH = YES;
				SDKROOT = iphoneos;
				SWIFT_COMPILATION_MODE = wholemodule;
				SWIFT_OPTIMIZATION_LEVEL = "-O";
				VALIDATE_PRODUCT = YES;
			};
			name = Release;
		};
		2593D79E2679DEC5003A0FEA /* Debug */ = {
			isa = XCBuildConfiguration;
			buildSettings = {
				ASSETCATALOG_COMPILER_APPICON_NAME = AppIcon;
				ASSETCATALOG_COMPILER_GLOBAL_ACCENT_COLOR_NAME = AccentColor;
				CODE_SIGN_STYLE = Automatic;
				INFOPLIST_FILE = SpaceX/Info.plist;
				LD_RUNPATH_SEARCH_PATHS = (
					"$(inherited)",
					"@executable_path/Frameworks",
				);
				PRODUCT_BUNDLE_IDENTIFIER = com.personal.SpaceX;
				PRODUCT_NAME = "$(TARGET_NAME)";
				SWIFT_VERSION = 5.0;
				TARGETED_DEVICE_FAMILY = "1,2";
			};
			name = Debug;
		};
		2593D79F2679DEC5003A0FEA /* Release */ = {
			isa = XCBuildConfiguration;
			buildSettings = {
				ASSETCATALOG_COMPILER_APPICON_NAME = AppIcon;
				ASSETCATALOG_COMPILER_GLOBAL_ACCENT_COLOR_NAME = AccentColor;
				CODE_SIGN_STYLE = Automatic;
				INFOPLIST_FILE = SpaceX/Info.plist;
				LD_RUNPATH_SEARCH_PATHS = (
					"$(inherited)",
					"@executable_path/Frameworks",
				);
				PRODUCT_BUNDLE_IDENTIFIER = com.personal.SpaceX;
				PRODUCT_NAME = "$(TARGET_NAME)";
				SWIFT_VERSION = 5.0;
				TARGETED_DEVICE_FAMILY = "1,2";
			};
			name = Release;
		};
		2593D7A12679DEC5003A0FEA /* Debug */ = {
			isa = XCBuildConfiguration;
			buildSettings = {
				ALWAYS_EMBED_SWIFT_STANDARD_LIBRARIES = YES;
				BUNDLE_LOADER = "$(TEST_HOST)";
				CODE_SIGN_STYLE = Automatic;
				INFOPLIST_FILE = SpaceXTests/Info.plist;
				IPHONEOS_DEPLOYMENT_TARGET = 14.5;
				LD_RUNPATH_SEARCH_PATHS = (
					"$(inherited)",
					"@executable_path/Frameworks",
					"@loader_path/Frameworks",
				);
				PRODUCT_BUNDLE_IDENTIFIER = com.personal.SpaceXTests;
				PRODUCT_NAME = "$(TARGET_NAME)";
				SWIFT_VERSION = 5.0;
				TARGETED_DEVICE_FAMILY = "1,2";
				TEST_HOST = "$(BUILT_PRODUCTS_DIR)/SpaceX.app/SpaceX";
			};
			name = Debug;
		};
		2593D7A22679DEC5003A0FEA /* Release */ = {
			isa = XCBuildConfiguration;
			buildSettings = {
				ALWAYS_EMBED_SWIFT_STANDARD_LIBRARIES = YES;
				BUNDLE_LOADER = "$(TEST_HOST)";
				CODE_SIGN_STYLE = Automatic;
				INFOPLIST_FILE = SpaceXTests/Info.plist;
				IPHONEOS_DEPLOYMENT_TARGET = 14.5;
				LD_RUNPATH_SEARCH_PATHS = (
					"$(inherited)",
					"@executable_path/Frameworks",
					"@loader_path/Frameworks",
				);
				PRODUCT_BUNDLE_IDENTIFIER = com.personal.SpaceXTests;
				PRODUCT_NAME = "$(TARGET_NAME)";
				SWIFT_VERSION = 5.0;
				TARGETED_DEVICE_FAMILY = "1,2";
				TEST_HOST = "$(BUILT_PRODUCTS_DIR)/SpaceX.app/SpaceX";
			};
			name = Release;
		};
		2593D7A42679DEC5003A0FEA /* Debug */ = {
			isa = XCBuildConfiguration;
			buildSettings = {
				ALWAYS_EMBED_SWIFT_STANDARD_LIBRARIES = YES;
				CODE_SIGN_STYLE = Automatic;
				INFOPLIST_FILE = SpaceXUITests/Info.plist;
				LD_RUNPATH_SEARCH_PATHS = (
					"$(inherited)",
					"@executable_path/Frameworks",
					"@loader_path/Frameworks",
				);
				PRODUCT_BUNDLE_IDENTIFIER = com.personal.SpaceXUITests;
				PRODUCT_NAME = "$(TARGET_NAME)";
				SWIFT_VERSION = 5.0;
				TARGETED_DEVICE_FAMILY = "1,2";
				TEST_TARGET_NAME = SpaceX;
			};
			name = Debug;
		};
		2593D7A52679DEC5003A0FEA /* Release */ = {
			isa = XCBuildConfiguration;
			buildSettings = {
				ALWAYS_EMBED_SWIFT_STANDARD_LIBRARIES = YES;
				CODE_SIGN_STYLE = Automatic;
				INFOPLIST_FILE = SpaceXUITests/Info.plist;
				LD_RUNPATH_SEARCH_PATHS = (
					"$(inherited)",
					"@executable_path/Frameworks",
					"@loader_path/Frameworks",
				);
				PRODUCT_BUNDLE_IDENTIFIER = com.personal.SpaceXUITests;
				PRODUCT_NAME = "$(TARGET_NAME)";
				SWIFT_VERSION = 5.0;
				TARGETED_DEVICE_FAMILY = "1,2";
				TEST_TARGET_NAME = SpaceX;
			};
			name = Release;
		};
/* End XCBuildConfiguration section */

/* Begin XCConfigurationList section */
		2593D76B2679DEC1003A0FEA /* Build configuration list for PBXProject "SpaceX" */ = {
			isa = XCConfigurationList;
			buildConfigurations = (
				2593D79B2679DEC5003A0FEA /* Debug */,
				2593D79C2679DEC5003A0FEA /* Release */,
			);
			defaultConfigurationIsVisible = 0;
			defaultConfigurationName = Release;
		};
		2593D79D2679DEC5003A0FEA /* Build configuration list for PBXNativeTarget "SpaceX" */ = {
			isa = XCConfigurationList;
			buildConfigurations = (
				2593D79E2679DEC5003A0FEA /* Debug */,
				2593D79F2679DEC5003A0FEA /* Release */,
			);
			defaultConfigurationIsVisible = 0;
			defaultConfigurationName = Release;
		};
		2593D7A02679DEC5003A0FEA /* Build configuration list for PBXNativeTarget "SpaceXTests" */ = {
			isa = XCConfigurationList;
			buildConfigurations = (
				2593D7A12679DEC5003A0FEA /* Debug */,
				2593D7A22679DEC5003A0FEA /* Release */,
			);
			defaultConfigurationIsVisible = 0;
			defaultConfigurationName = Release;
		};
		2593D7A32679DEC5003A0FEA /* Build configuration list for PBXNativeTarget "SpaceXUITests" */ = {
			isa = XCConfigurationList;
			buildConfigurations = (
				2593D7A42679DEC5003A0FEA /* Debug */,
				2593D7A52679DEC5003A0FEA /* Release */,
			);
			defaultConfigurationIsVisible = 0;
			defaultConfigurationName = Release;
		};
/* End XCConfigurationList section */

/* Begin XCVersionGroup section */
		2593D77C2679DEC1003A0FEA /* SpaceX.xcdatamodeld */ = {
			isa = XCVersionGroup;
			children = (
				2593D77D2679DEC1003A0FEA /* SpaceX.xcdatamodel */,
			);
			currentVersion = 2593D77D2679DEC1003A0FEA /* SpaceX.xcdatamodel */;
			path = SpaceX.xcdatamodeld;
			sourceTree = "<group>";
			versionGroupType = wrapper.xcdatamodel;
		};
/* End XCVersionGroup section */
	};
	rootObject = 2593D7682679DEC1003A0FEA /* Project object */;
}
